
Microsoft Visual Studio Solution File, Format Version 12.00
# Visual Studio Version 17
VisualStudioVersion = 17.13.35806.99
MinimumVisualStudioVersion = 10.0.40219.1
Project("{FAE04EC0-301F-11D3-BF4B-00C04F79EFBC}") = "Transport prices", "Exercises\Transport prices.csproj", "{4C096F14-6C69-4EFF-866E-E0EE68A09BF2}"
EndProject
Project("{FAE04EC0-301F-11D3-BF4B-00C04F79EFBC}") = "Pool pipes", "Pool pipes\Pool pipes.csproj", "{063939B4-96B1-462D-8DCB-CEF03EC854AC}"
EndProject
Project("{FAE04EC0-301F-11D3-BF4B-00C04F79EFBC}") = "Sleeping cat", "Sleeping cat\Sleeping cat.csproj", "{F32B2C07-E58C-4F32-9F01-AB637259162F}"
EndProject
Project("{FAE04EC0-301F-11D3-BF4B-00C04F79EFBC}") = "Harvest", "Harvest\Harvest.csproj", "{FA7B4818-A5B2-4379-B1C4-EAE0CACB7613}"
EndProject
Project("{FAE04EC0-301F-11D3-BF4B-00C04F79EFBC}") = "Exam", "Exam\Exam.csproj", "{74FA8C89-AE40-4232-B443-07163CCAF221}"
EndProject
Project("{FAE04EC0-301F-11D3-BF4B-00C04F79EFBC}") = "Journey", "Journey\Journey.csproj", "{DDC3EA69-F14D-4C32-90FB-C509A49275DD}"
EndProject
Project("{FAE04EC0-301F-11D3-BF4B-00C04F79EFBC}") = "Operations between numbers", "Operations between numbers\Operations between numbers.csproj", "{EA122128-E432-400B-AA72-B61CC09F655A}"
EndProject
Project("{FAE04EC0-301F-11D3-BF4B-00C04F79EFBC}") = "Match ticket", "Match ticket\Match ticket.csproj", "{A1BE91FD-3CF6-4A71-80DB-DC3F86F779FF}"
EndProject
Project("{FAE04EC0-301F-11D3-BF4B-00C04F79EFBC}") = "Hotel room", "Hotel room\Hotel room.csproj", "{726B42C1-89E7-4068-BA84-3CACD0CEF96E}"
EndProject
Project("{FAE04EC0-301F-11D3-BF4B-00C04F79EFBC}") = "Histogram", "Histogram\Histogram.csproj", "{D82550F7-9DD1-4AAE-B50A-7F2099CED112}"
EndProject
Project("{FAE04EC0-301F-11D3-BF4B-00C04F79EFBC}") = "Division by 2", "Division by 2\Division by 2.csproj", "{F49FC938-0064-4C61-B797-35A9E57C15B1}"
EndProject
Project("{FAE04EC0-301F-11D3-BF4B-00C04F79EFBC}") = "Training Lab", "Training Lab\Training Lab.csproj", "{40B0C02B-1582-4EB1-91AE-988DA2BD5D3F}"
EndProject
Project("{FAE04EC0-301F-11D3-BF4B-00C04F79EFBC}") = "Transport Price", "Transport Price\Transport Price.csproj", "{A208FB09-81EB-4039-9612-F9E850BE9F3F}"
EndProject
Project("{FAE04EC0-301F-11D3-BF4B-00C04F79EFBC}") = "On time for an exam", "On time for an exam\On time for an exam.csproj", "{9D1A8AF4-9A82-459B-9460-29C1BF5FF4B6}"
EndProject
Project("{FAE04EC0-301F-11D3-BF4B-00C04F79EFBC}") = "Syupid password", "Syupid password\Syupid password.csproj", "{F3CBFE1C-A6ED-47E0-AD57-B43A2718959A}"
EndProject
Project("{FAE04EC0-301F-11D3-BF4B-00C04F79EFBC}") = "Vegetable market", "Vegetable market\Vegetable market.csproj", "{95B63BA7-EB4C-4110-9CE5-70834D14D185}"
EndProject
Project("{FAE04EC0-301F-11D3-BF4B-00C04F79EFBC}") = "Trip", "Trip\Trip.csproj", "{AB052ECC-6BBF-4534-90D3-C3F1601C5770}"
EndProject
Project("{FAE04EC0-301F-11D3-BF4B-00C04F79EFBC}") = "Butterfly", "Butterfly\Butterfly.csproj", "{E218722D-AD8A-4EFD-9166-43D21269027F}"
EndProject
Project("{FAE04EC0-301F-11D3-BF4B-00C04F79EFBC}") = "Clever Lily", "Clever Lily\Clever Lily.csproj", "{770146FD-D522-489F-BED4-E92CD789D6FC}"
EndProject
Project("{FAE04EC0-301F-11D3-BF4B-00C04F79EFBC}") = "Special numbers", "Special numbers\Special numbers.csproj", "{AEF06451-F2B0-4572-8ED6-A9DAB312CE27}"
EndProject
Project("{FAE04EC0-301F-11D3-BF4B-00C04F79EFBC}") = "Money", "Money\Money.csproj", "{FD58D7E1-E93D-40A2-96EC-9CE70B4F64A9}"
EndProject
Project("{FAE04EC0-301F-11D3-BF4B-00C04F79EFBC}") = "Back to the past", "Back to the past\Back to the past.csproj", "{2ADF1209-EEAB-4003-9685-C8B434D9DF23}"
EndProject
Project("{FAE04EC0-301F-11D3-BF4B-00C04F79EFBC}") = "Diamond", "Diamond\Diamond.csproj", "{89B1308E-8C2C-4048-9060-CACB72381E0A}"
EndProject
Project("{FAE04EC0-301F-11D3-BF4B-00C04F79EFBC}") = "Stop number", "Stop number\Stop number.csproj", "{73BC185A-6BD8-4FC2-9007-E89178ACE717}"
EndProject
Project("{FAE04EC0-301F-11D3-BF4B-00C04F79EFBC}") = "Profit", "Profit\Profit.csproj", "{0B5C24E0-78D1-4398-807E-924C8CB61696}"
EndProject
Project("{FAE04EC0-301F-11D3-BF4B-00C04F79EFBC}") = "Firm", "Firm\Firm.csproj", "{4846D25A-0FA0-4B99-9BF9-66C1281F3F38}"
EndProject
Project("{FAE04EC0-301F-11D3-BF4B-00C04F79EFBC}") = "Hospital", "Hospital\Hospital.csproj", "{CCAB7863-94A3-4B0F-98DD-8AB365E79A0C}"
EndProject
Project("{FAE04EC0-301F-11D3-BF4B-00C04F79EFBC}") = "Digits", "Digits\Digits.csproj", "{87831F28-4FE0-4548-BC96-AFA0FC1056DC}"
EndProject
Project("{FAE04EC0-301F-11D3-BF4B-00C04F79EFBC}") = "Tennis equipment", "Tennis equipment\Tennis equipment.csproj", "{A786418E-89BF-4E5F-A81A-37253C8D779D}"
EndProject
Project("{FAE04EC0-301F-11D3-BF4B-00C04F79EFBC}") = "TennisResults", "TennisResults\TennisResults.csproj", "{561DB603-449A-4D3F-B180-0D7A9431F608}"
EndProject
Project("{FAE04EC0-301F-11D3-BF4B-00C04F79EFBC}") = "Wimbeldon tickets", "Wimbeldon tickets\Wimbeldon tickets.csproj", "{0284FC18-4CB2-44CA-996F-9FE47F1DBEB0}"
EndProject
Project("{FAE04EC0-301F-11D3-BF4B-00C04F79EFBC}") = "Tennis ranklist", "Tennis ranklist\Tennis ranklist.csproj", "{67570F33-1176-4DB2-A828-C84458AFE76F}"
EndProject
Project("{FAE04EC0-301F-11D3-BF4B-00C04F79EFBC}") = "Winning tickets", "Winning tickets\Winning tickets.csproj", "{A1658485-F739-48A2-ABAD-A5051D078046}"
EndProject
Project("{FAE04EC0-301F-11D3-BF4B-00C04F79EFBC}") = "Division2", "Division2\Division2.csproj", "{6B8A6482-0494-470D-BF90-D0C9C6D998ED}"
EndProject
Project("{FAE04EC0-301F-11D3-BF4B-00C04F79EFBC}") = "Division6", "Division6\Division6.csproj", "{8BD30CEF-2C16-4503-820B-F2592027D4D0}"
EndProject
Project("{FAE04EC0-301F-11D3-BF4B-00C04F79EFBC}") = "Party", "Party\Party.csproj", "{CBA36758-A01E-4B16-BC79-C291C77D5267}"
EndProject
Project("{FAE04EC0-301F-11D3-BF4B-00C04F79EFBC}") = "Online shop", "Online shop\Online shop.csproj", "{0FD10A8C-7CB4-43AA-B6EC-0D95A3AE0706}"
EndProject
Project("{FAE04EC0-301F-11D3-BF4B-00C04F79EFBC}") = "Excursion", "Excursion\Excursion.csproj", "{25F0F11A-ACBC-4E1A-A04D-F9D85C16045A}"
EndProject
Project("{FAE04EC0-301F-11D3-BF4B-00C04F79EFBC}") = "Statistics", "Statistics\Statistics.csproj", "{50884490-4D95-4313-9FCC-E9DE7C56255C}"
EndProject
Project("{FAE04EC0-301F-11D3-BF4B-00C04F79EFBC}") = "Multiply", "Multiply\Multiply.csproj", "{263505E6-84FA-4DE6-B875-0410A0798A02}"
EndProject
Project("{FAE04EC0-301F-11D3-BF4B-00C04F79EFBC}") = "Photp exhibition", "Photp exhibition\Photp exhibition.csproj", "{9EECD7C5-3D42-45EE-A674-1D5D8B252F73}"
EndProject
Project("{FAE04EC0-301F-11D3-BF4B-00C04F79EFBC}") = "Space craft", "Space craft\Space craft.csproj", "{E218CC99-D82B-4FE3-AF48-38D9FE68C926}"
EndProject
Project("{FAE04EC0-301F-11D3-BF4B-00C04F79EFBC}") = "Computer room", "Computer room\Computer room.csproj", "{EC5B6944-3773-4CC5-8362-18A591D6248C}"
EndProject
Project("{FAE04EC0-301F-11D3-BF4B-00C04F79EFBC}") = "Camera", "Camera\Camera.csproj", "{55DC483F-EC7C-49B1-8B54-99DAA20F7D6A}"
EndProject
Project("{FAE04EC0-301F-11D3-BF4B-00C04F79EFBC}") = "Bibi's number", "Bibi's number\Bibi's number.csproj", "{328F5844-8E32-4D8D-A4C4-246DE9D9FE72}"
EndProject
Project("{FAE04EC0-301F-11D3-BF4B-00C04F79EFBC}") = "Festival", "Festival\Festival.csproj", "{A2D4BE4F-FCA0-4E64-9FF5-C21A0CDF90CD}"
EndProject
Project("{FAE04EC0-301F-11D3-BF4B-00C04F79EFBC}") = "Taxi", "Taxi\Taxi.csproj", "{FCAFDA8A-B4A8-48DB-AF69-AAA5C82BBC7B}"
EndProject
Project("{FAE04EC0-301F-11D3-BF4B-00C04F79EFBC}") = "Lager", "Lager\Lager.csproj", "{8A06DE1A-86EE-48DA-9E5D-564D4E1D7F93}"
EndProject
Project("{FAE04EC0-301F-11D3-BF4B-00C04F79EFBC}") = "Sandwiches", "Sandwiches\Sandwiches.csproj", "{3AB9BD4B-7093-443B-842B-5DF6D255D915}"
EndProject
Project("{FAE04EC0-301F-11D3-BF4B-00C04F79EFBC}") = "Cuoboards", "Cuoboards\Cuoboards.csproj", "{ADEFCF7A-A7B1-49F9-89D4-4C0B043697E4}"
EndProject
Global
	GlobalSection(SolutionConfigurationPlatforms) = preSolution
		Debug|Any CPU = Debug|Any CPU
		Release|Any CPU = Release|Any CPU
	EndGlobalSection
	GlobalSection(ProjectConfigurationPlatforms) = postSolution
		{4C096F14-6C69-4EFF-866E-E0EE68A09BF2}.Debug|Any CPU.ActiveCfg = Debug|Any CPU
		{4C096F14-6C69-4EFF-866E-E0EE68A09BF2}.Debug|Any CPU.Build.0 = Debug|Any CPU
		{4C096F14-6C69-4EFF-866E-E0EE68A09BF2}.Release|Any CPU.ActiveCfg = Release|Any CPU
		{4C096F14-6C69-4EFF-866E-E0EE68A09BF2}.Release|Any CPU.Build.0 = Release|Any CPU
		{063939B4-96B1-462D-8DCB-CEF03EC854AC}.Debug|Any CPU.ActiveCfg = Debug|Any CPU
		{063939B4-96B1-462D-8DCB-CEF03EC854AC}.Debug|Any CPU.Build.0 = Debug|Any CPU
		{063939B4-96B1-462D-8DCB-CEF03EC854AC}.Release|Any CPU.ActiveCfg = Release|Any CPU
		{063939B4-96B1-462D-8DCB-CEF03EC854AC}.Release|Any CPU.Build.0 = Release|Any CPU
		{F32B2C07-E58C-4F32-9F01-AB637259162F}.Debug|Any CPU.ActiveCfg = Debug|Any CPU
		{F32B2C07-E58C-4F32-9F01-AB637259162F}.Debug|Any CPU.Build.0 = Debug|Any CPU
		{F32B2C07-E58C-4F32-9F01-AB637259162F}.Release|Any CPU.ActiveCfg = Release|Any CPU
		{F32B2C07-E58C-4F32-9F01-AB637259162F}.Release|Any CPU.Build.0 = Release|Any CPU
		{FA7B4818-A5B2-4379-B1C4-EAE0CACB7613}.Debug|Any CPU.ActiveCfg = Debug|Any CPU
		{FA7B4818-A5B2-4379-B1C4-EAE0CACB7613}.Debug|Any CPU.Build.0 = Debug|Any CPU
		{FA7B4818-A5B2-4379-B1C4-EAE0CACB7613}.Release|Any CPU.ActiveCfg = Release|Any CPU
		{FA7B4818-A5B2-4379-B1C4-EAE0CACB7613}.Release|Any CPU.Build.0 = Release|Any CPU
		{74FA8C89-AE40-4232-B443-07163CCAF221}.Debug|Any CPU.ActiveCfg = Debug|Any CPU
		{74FA8C89-AE40-4232-B443-07163CCAF221}.Debug|Any CPU.Build.0 = Debug|Any CPU
		{74FA8C89-AE40-4232-B443-07163CCAF221}.Release|Any CPU.ActiveCfg = Release|Any CPU
		{74FA8C89-AE40-4232-B443-07163CCAF221}.Release|Any CPU.Build.0 = Release|Any CPU
		{DDC3EA69-F14D-4C32-90FB-C509A49275DD}.Debug|Any CPU.ActiveCfg = Debug|Any CPU
		{DDC3EA69-F14D-4C32-90FB-C509A49275DD}.Debug|Any CPU.Build.0 = Debug|Any CPU
		{DDC3EA69-F14D-4C32-90FB-C509A49275DD}.Release|Any CPU.ActiveCfg = Release|Any CPU
		{DDC3EA69-F14D-4C32-90FB-C509A49275DD}.Release|Any CPU.Build.0 = Release|Any CPU
		{EA122128-E432-400B-AA72-B61CC09F655A}.Debug|Any CPU.ActiveCfg = Debug|Any CPU
		{EA122128-E432-400B-AA72-B61CC09F655A}.Debug|Any CPU.Build.0 = Debug|Any CPU
		{EA122128-E432-400B-AA72-B61CC09F655A}.Release|Any CPU.ActiveCfg = Release|Any CPU
		{EA122128-E432-400B-AA72-B61CC09F655A}.Release|Any CPU.Build.0 = Release|Any CPU
		{A1BE91FD-3CF6-4A71-80DB-DC3F86F779FF}.Debug|Any CPU.ActiveCfg = Debug|Any CPU
		{A1BE91FD-3CF6-4A71-80DB-DC3F86F779FF}.Debug|Any CPU.Build.0 = Debug|Any CPU
		{A1BE91FD-3CF6-4A71-80DB-DC3F86F779FF}.Release|Any CPU.ActiveCfg = Release|Any CPU
		{A1BE91FD-3CF6-4A71-80DB-DC3F86F779FF}.Release|Any CPU.Build.0 = Release|Any CPU
		{726B42C1-89E7-4068-BA84-3CACD0CEF96E}.Debug|Any CPU.ActiveCfg = Debug|Any CPU
		{726B42C1-89E7-4068-BA84-3CACD0CEF96E}.Debug|Any CPU.Build.0 = Debug|Any CPU
		{726B42C1-89E7-4068-BA84-3CACD0CEF96E}.Release|Any CPU.ActiveCfg = Release|Any CPU
		{726B42C1-89E7-4068-BA84-3CACD0CEF96E}.Release|Any CPU.Build.0 = Release|Any CPU
		{D82550F7-9DD1-4AAE-B50A-7F2099CED112}.Debug|Any CPU.ActiveCfg = Debug|Any CPU
		{D82550F7-9DD1-4AAE-B50A-7F2099CED112}.Debug|Any CPU.Build.0 = Debug|Any CPU
		{D82550F7-9DD1-4AAE-B50A-7F2099CED112}.Release|Any CPU.ActiveCfg = Release|Any CPU
		{D82550F7-9DD1-4AAE-B50A-7F2099CED112}.Release|Any CPU.Build.0 = Release|Any CPU
		{F49FC938-0064-4C61-B797-35A9E57C15B1}.Debug|Any CPU.ActiveCfg = Debug|Any CPU
		{F49FC938-0064-4C61-B797-35A9E57C15B1}.Debug|Any CPU.Build.0 = Debug|Any CPU
		{F49FC938-0064-4C61-B797-35A9E57C15B1}.Release|Any CPU.ActiveCfg = Release|Any CPU
		{F49FC938-0064-4C61-B797-35A9E57C15B1}.Release|Any CPU.Build.0 = Release|Any CPU
		{40B0C02B-1582-4EB1-91AE-988DA2BD5D3F}.Debug|Any CPU.ActiveCfg = Debug|Any CPU
		{40B0C02B-1582-4EB1-91AE-988DA2BD5D3F}.Debug|Any CPU.Build.0 = Debug|Any CPU
		{40B0C02B-1582-4EB1-91AE-988DA2BD5D3F}.Release|Any CPU.ActiveCfg = Release|Any CPU
		{40B0C02B-1582-4EB1-91AE-988DA2BD5D3F}.Release|Any CPU.Build.0 = Release|Any CPU
		{A208FB09-81EB-4039-9612-F9E850BE9F3F}.Debug|Any CPU.ActiveCfg = Debug|Any CPU
		{A208FB09-81EB-4039-9612-F9E850BE9F3F}.Debug|Any CPU.Build.0 = Debug|Any CPU
		{A208FB09-81EB-4039-9612-F9E850BE9F3F}.Release|Any CPU.ActiveCfg = Release|Any CPU
		{A208FB09-81EB-4039-9612-F9E850BE9F3F}.Release|Any CPU.Build.0 = Release|Any CPU
		{9D1A8AF4-9A82-459B-9460-29C1BF5FF4B6}.Debug|Any CPU.ActiveCfg = Debug|Any CPU
		{9D1A8AF4-9A82-459B-9460-29C1BF5FF4B6}.Debug|Any CPU.Build.0 = Debug|Any CPU
		{9D1A8AF4-9A82-459B-9460-29C1BF5FF4B6}.Release|Any CPU.ActiveCfg = Release|Any CPU
		{9D1A8AF4-9A82-459B-9460-29C1BF5FF4B6}.Release|Any CPU.Build.0 = Release|Any CPU
		{F3CBFE1C-A6ED-47E0-AD57-B43A2718959A}.Debug|Any CPU.ActiveCfg = Debug|Any CPU
		{F3CBFE1C-A6ED-47E0-AD57-B43A2718959A}.Debug|Any CPU.Build.0 = Debug|Any CPU
		{F3CBFE1C-A6ED-47E0-AD57-B43A2718959A}.Release|Any CPU.ActiveCfg = Release|Any CPU
		{F3CBFE1C-A6ED-47E0-AD57-B43A2718959A}.Release|Any CPU.Build.0 = Release|Any CPU
		{95B63BA7-EB4C-4110-9CE5-70834D14D185}.Debug|Any CPU.ActiveCfg = Debug|Any CPU
		{95B63BA7-EB4C-4110-9CE5-70834D14D185}.Debug|Any CPU.Build.0 = Debug|Any CPU
		{95B63BA7-EB4C-4110-9CE5-70834D14D185}.Release|Any CPU.ActiveCfg = Release|Any CPU
		{95B63BA7-EB4C-4110-9CE5-70834D14D185}.Release|Any CPU.Build.0 = Release|Any CPU
		{AB052ECC-6BBF-4534-90D3-C3F1601C5770}.Debug|Any CPU.ActiveCfg = Debug|Any CPU
		{AB052ECC-6BBF-4534-90D3-C3F1601C5770}.Debug|Any CPU.Build.0 = Debug|Any CPU
		{AB052ECC-6BBF-4534-90D3-C3F1601C5770}.Release|Any CPU.ActiveCfg = Release|Any CPU
		{AB052ECC-6BBF-4534-90D3-C3F1601C5770}.Release|Any CPU.Build.0 = Release|Any CPU
		{E218722D-AD8A-4EFD-9166-43D21269027F}.Debug|Any CPU.ActiveCfg = Debug|Any CPU
		{E218722D-AD8A-4EFD-9166-43D21269027F}.Debug|Any CPU.Build.0 = Debug|Any CPU
		{E218722D-AD8A-4EFD-9166-43D21269027F}.Release|Any CPU.ActiveCfg = Release|Any CPU
		{E218722D-AD8A-4EFD-9166-43D21269027F}.Release|Any CPU.Build.0 = Release|Any CPU
		{770146FD-D522-489F-BED4-E92CD789D6FC}.Debug|Any CPU.ActiveCfg = Debug|Any CPU
		{770146FD-D522-489F-BED4-E92CD789D6FC}.Debug|Any CPU.Build.0 = Debug|Any CPU
		{770146FD-D522-489F-BED4-E92CD789D6FC}.Release|Any CPU.ActiveCfg = Release|Any CPU
		{770146FD-D522-489F-BED4-E92CD789D6FC}.Release|Any CPU.Build.0 = Release|Any CPU
		{AEF06451-F2B0-4572-8ED6-A9DAB312CE27}.Debug|Any CPU.ActiveCfg = Debug|Any CPU
		{AEF06451-F2B0-4572-8ED6-A9DAB312CE27}.Debug|Any CPU.Build.0 = Debug|Any CPU
		{AEF06451-F2B0-4572-8ED6-A9DAB312CE27}.Release|Any CPU.ActiveCfg = Release|Any CPU
		{AEF06451-F2B0-4572-8ED6-A9DAB312CE27}.Release|Any CPU.Build.0 = Release|Any CPU
		{FD58D7E1-E93D-40A2-96EC-9CE70B4F64A9}.Debug|Any CPU.ActiveCfg = Debug|Any CPU
		{FD58D7E1-E93D-40A2-96EC-9CE70B4F64A9}.Debug|Any CPU.Build.0 = Debug|Any CPU
		{FD58D7E1-E93D-40A2-96EC-9CE70B4F64A9}.Release|Any CPU.ActiveCfg = Release|Any CPU
		{FD58D7E1-E93D-40A2-96EC-9CE70B4F64A9}.Release|Any CPU.Build.0 = Release|Any CPU
		{2ADF1209-EEAB-4003-9685-C8B434D9DF23}.Debug|Any CPU.ActiveCfg = Debug|Any CPU
		{2ADF1209-EEAB-4003-9685-C8B434D9DF23}.Debug|Any CPU.Build.0 = Debug|Any CPU
		{2ADF1209-EEAB-4003-9685-C8B434D9DF23}.Release|Any CPU.ActiveCfg = Release|Any CPU
		{2ADF1209-EEAB-4003-9685-C8B434D9DF23}.Release|Any CPU.Build.0 = Release|Any CPU
		{89B1308E-8C2C-4048-9060-CACB72381E0A}.Debug|Any CPU.ActiveCfg = Debug|Any CPU
		{89B1308E-8C2C-4048-9060-CACB72381E0A}.Debug|Any CPU.Build.0 = Debug|Any CPU
		{89B1308E-8C2C-4048-9060-CACB72381E0A}.Release|Any CPU.ActiveCfg = Release|Any CPU
		{89B1308E-8C2C-4048-9060-CACB72381E0A}.Release|Any CPU.Build.0 = Release|Any CPU
		{73BC185A-6BD8-4FC2-9007-E89178ACE717}.Debug|Any CPU.ActiveCfg = Debug|Any CPU
		{73BC185A-6BD8-4FC2-9007-E89178ACE717}.Debug|Any CPU.Build.0 = Debug|Any CPU
		{73BC185A-6BD8-4FC2-9007-E89178ACE717}.Release|Any CPU.ActiveCfg = Release|Any CPU
		{73BC185A-6BD8-4FC2-9007-E89178ACE717}.Release|Any CPU.Build.0 = Release|Any CPU
		{0B5C24E0-78D1-4398-807E-924C8CB61696}.Debug|Any CPU.ActiveCfg = Debug|Any CPU
		{0B5C24E0-78D1-4398-807E-924C8CB61696}.Debug|Any CPU.Build.0 = Debug|Any CPU
		{0B5C24E0-78D1-4398-807E-924C8CB61696}.Release|Any CPU.ActiveCfg = Release|Any CPU
		{0B5C24E0-78D1-4398-807E-924C8CB61696}.Release|Any CPU.Build.0 = Release|Any CPU
		{4846D25A-0FA0-4B99-9BF9-66C1281F3F38}.Debug|Any CPU.ActiveCfg = Debug|Any CPU
		{4846D25A-0FA0-4B99-9BF9-66C1281F3F38}.Debug|Any CPU.Build.0 = Debug|Any CPU
		{4846D25A-0FA0-4B99-9BF9-66C1281F3F38}.Release|Any CPU.ActiveCfg = Release|Any CPU
		{4846D25A-0FA0-4B99-9BF9-66C1281F3F38}.Release|Any CPU.Build.0 = Release|Any CPU
		{CCAB7863-94A3-4B0F-98DD-8AB365E79A0C}.Debug|Any CPU.ActiveCfg = Debug|Any CPU
		{CCAB7863-94A3-4B0F-98DD-8AB365E79A0C}.Debug|Any CPU.Build.0 = Debug|Any CPU
		{CCAB7863-94A3-4B0F-98DD-8AB365E79A0C}.Release|Any CPU.ActiveCfg = Release|Any CPU
		{CCAB7863-94A3-4B0F-98DD-8AB365E79A0C}.Release|Any CPU.Build.0 = Release|Any CPU
		{87831F28-4FE0-4548-BC96-AFA0FC1056DC}.Debug|Any CPU.ActiveCfg = Debug|Any CPU
		{87831F28-4FE0-4548-BC96-AFA0FC1056DC}.Debug|Any CPU.Build.0 = Debug|Any CPU
		{87831F28-4FE0-4548-BC96-AFA0FC1056DC}.Release|Any CPU.ActiveCfg = Release|Any CPU
		{87831F28-4FE0-4548-BC96-AFA0FC1056DC}.Release|Any CPU.Build.0 = Release|Any CPU
		{A786418E-89BF-4E5F-A81A-37253C8D779D}.Debug|Any CPU.ActiveCfg = Debug|Any CPU
		{A786418E-89BF-4E5F-A81A-37253C8D779D}.Debug|Any CPU.Build.0 = Debug|Any CPU
		{A786418E-89BF-4E5F-A81A-37253C8D779D}.Release|Any CPU.ActiveCfg = Release|Any CPU
		{A786418E-89BF-4E5F-A81A-37253C8D779D}.Release|Any CPU.Build.0 = Release|Any CPU
		{561DB603-449A-4D3F-B180-0D7A9431F608}.Debug|Any CPU.ActiveCfg = Debug|Any CPU
		{561DB603-449A-4D3F-B180-0D7A9431F608}.Debug|Any CPU.Build.0 = Debug|Any CPU
		{561DB603-449A-4D3F-B180-0D7A9431F608}.Release|Any CPU.ActiveCfg = Release|Any CPU
		{561DB603-449A-4D3F-B180-0D7A9431F608}.Release|Any CPU.Build.0 = Release|Any CPU
		{0284FC18-4CB2-44CA-996F-9FE47F1DBEB0}.Debug|Any CPU.ActiveCfg = Debug|Any CPU
		{0284FC18-4CB2-44CA-996F-9FE47F1DBEB0}.Debug|Any CPU.Build.0 = Debug|Any CPU
		{0284FC18-4CB2-44CA-996F-9FE47F1DBEB0}.Release|Any CPU.ActiveCfg = Release|Any CPU
		{0284FC18-4CB2-44CA-996F-9FE47F1DBEB0}.Release|Any CPU.Build.0 = Release|Any CPU
		{67570F33-1176-4DB2-A828-C84458AFE76F}.Debug|Any CPU.ActiveCfg = Debug|Any CPU
		{67570F33-1176-4DB2-A828-C84458AFE76F}.Debug|Any CPU.Build.0 = Debug|Any CPU
		{67570F33-1176-4DB2-A828-C84458AFE76F}.Release|Any CPU.ActiveCfg = Release|Any CPU
		{67570F33-1176-4DB2-A828-C84458AFE76F}.Release|Any CPU.Build.0 = Release|Any CPU
		{A1658485-F739-48A2-ABAD-A5051D078046}.Debug|Any CPU.ActiveCfg = Debug|Any CPU
		{A1658485-F739-48A2-ABAD-A5051D078046}.Debug|Any CPU.Build.0 = Debug|Any CPU
		{A1658485-F739-48A2-ABAD-A5051D078046}.Release|Any CPU.ActiveCfg = Release|Any CPU
		{A1658485-F739-48A2-ABAD-A5051D078046}.Release|Any CPU.Build.0 = Release|Any CPU
		{6B8A6482-0494-470D-BF90-D0C9C6D998ED}.Debug|Any CPU.ActiveCfg = Debug|Any CPU
		{6B8A6482-0494-470D-BF90-D0C9C6D998ED}.Debug|Any CPU.Build.0 = Debug|Any CPU
		{6B8A6482-0494-470D-BF90-D0C9C6D998ED}.Release|Any CPU.ActiveCfg = Release|Any CPU
		{6B8A6482-0494-470D-BF90-D0C9C6D998ED}.Release|Any CPU.Build.0 = Release|Any CPU
		{8BD30CEF-2C16-4503-820B-F2592027D4D0}.Debug|Any CPU.ActiveCfg = Debug|Any CPU
		{8BD30CEF-2C16-4503-820B-F2592027D4D0}.Debug|Any CPU.Build.0 = Debug|Any CPU
		{8BD30CEF-2C16-4503-820B-F2592027D4D0}.Release|Any CPU.ActiveCfg = Release|Any CPU
		{8BD30CEF-2C16-4503-820B-F2592027D4D0}.Release|Any CPU.Build.0 = Release|Any CPU
		{CBA36758-A01E-4B16-BC79-C291C77D5267}.Debug|Any CPU.ActiveCfg = Debug|Any CPU
		{CBA36758-A01E-4B16-BC79-C291C77D5267}.Debug|Any CPU.Build.0 = Debug|Any CPU
		{CBA36758-A01E-4B16-BC79-C291C77D5267}.Release|Any CPU.ActiveCfg = Release|Any CPU
		{CBA36758-A01E-4B16-BC79-C291C77D5267}.Release|Any CPU.Build.0 = Release|Any CPU
		{0FD10A8C-7CB4-43AA-B6EC-0D95A3AE0706}.Debug|Any CPU.ActiveCfg = Debug|Any CPU
		{0FD10A8C-7CB4-43AA-B6EC-0D95A3AE0706}.Debug|Any CPU.Build.0 = Debug|Any CPU
		{0FD10A8C-7CB4-43AA-B6EC-0D95A3AE0706}.Release|Any CPU.ActiveCfg = Release|Any CPU
		{0FD10A8C-7CB4-43AA-B6EC-0D95A3AE0706}.Release|Any CPU.Build.0 = Release|Any CPU
		{25F0F11A-ACBC-4E1A-A04D-F9D85C16045A}.Debug|Any CPU.ActiveCfg = Debug|Any CPU
		{25F0F11A-ACBC-4E1A-A04D-F9D85C16045A}.Debug|Any CPU.Build.0 = Debug|Any CPU
		{25F0F11A-ACBC-4E1A-A04D-F9D85C16045A}.Release|Any CPU.ActiveCfg = Release|Any CPU
		{25F0F11A-ACBC-4E1A-A04D-F9D85C16045A}.Release|Any CPU.Build.0 = Release|Any CPU
		{50884490-4D95-4313-9FCC-E9DE7C56255C}.Debug|Any CPU.ActiveCfg = Debug|Any CPU
		{50884490-4D95-4313-9FCC-E9DE7C56255C}.Debug|Any CPU.Build.0 = Debug|Any CPU
		{50884490-4D95-4313-9FCC-E9DE7C56255C}.Release|Any CPU.ActiveCfg = Release|Any CPU
		{50884490-4D95-4313-9FCC-E9DE7C56255C}.Release|Any CPU.Build.0 = Release|Any CPU
		{263505E6-84FA-4DE6-B875-0410A0798A02}.Debug|Any CPU.ActiveCfg = Debug|Any CPU
		{263505E6-84FA-4DE6-B875-0410A0798A02}.Debug|Any CPU.Build.0 = Debug|Any CPU
		{263505E6-84FA-4DE6-B875-0410A0798A02}.Release|Any CPU.ActiveCfg = Release|Any CPU
		{263505E6-84FA-4DE6-B875-0410A0798A02}.Release|Any CPU.Build.0 = Release|Any CPU
		{9EECD7C5-3D42-45EE-A674-1D5D8B252F73}.Debug|Any CPU.ActiveCfg = Debug|Any CPU
		{9EECD7C5-3D42-45EE-A674-1D5D8B252F73}.Debug|Any CPU.Build.0 = Debug|Any CPU
		{9EECD7C5-3D42-45EE-A674-1D5D8B252F73}.Release|Any CPU.ActiveCfg = Release|Any CPU
		{9EECD7C5-3D42-45EE-A674-1D5D8B252F73}.Release|Any CPU.Build.0 = Release|Any CPU
		{E218CC99-D82B-4FE3-AF48-38D9FE68C926}.Debug|Any CPU.ActiveCfg = Debug|Any CPU
		{E218CC99-D82B-4FE3-AF48-38D9FE68C926}.Debug|Any CPU.Build.0 = Debug|Any CPU
		{E218CC99-D82B-4FE3-AF48-38D9FE68C926}.Release|Any CPU.ActiveCfg = Release|Any CPU
		{E218CC99-D82B-4FE3-AF48-38D9FE68C926}.Release|Any CPU.Build.0 = Release|Any CPU
		{EC5B6944-3773-4CC5-8362-18A591D6248C}.Debug|Any CPU.ActiveCfg = Debug|Any CPU
		{EC5B6944-3773-4CC5-8362-18A591D6248C}.Debug|Any CPU.Build.0 = Debug|Any CPU
		{EC5B6944-3773-4CC5-8362-18A591D6248C}.Release|Any CPU.ActiveCfg = Release|Any CPU
		{EC5B6944-3773-4CC5-8362-18A591D6248C}.Release|Any CPU.Build.0 = Release|Any CPU
		{55DC483F-EC7C-49B1-8B54-99DAA20F7D6A}.Debug|Any CPU.ActiveCfg = Debug|Any CPU
		{55DC483F-EC7C-49B1-8B54-99DAA20F7D6A}.Debug|Any CPU.Build.0 = Debug|Any CPU
		{55DC483F-EC7C-49B1-8B54-99DAA20F7D6A}.Release|Any CPU.ActiveCfg = Release|Any CPU
		{55DC483F-EC7C-49B1-8B54-99DAA20F7D6A}.Release|Any CPU.Build.0 = Release|Any CPU
		{328F5844-8E32-4D8D-A4C4-246DE9D9FE72}.Debug|Any CPU.ActiveCfg = Debug|Any CPU
		{328F5844-8E32-4D8D-A4C4-246DE9D9FE72}.Debug|Any CPU.Build.0 = Debug|Any CPU
		{328F5844-8E32-4D8D-A4C4-246DE9D9FE72}.Release|Any CPU.ActiveCfg = Release|Any CPU
		{328F5844-8E32-4D8D-A4C4-246DE9D9FE72}.Release|Any CPU.Build.0 = Release|Any CPU
		{A2D4BE4F-FCA0-4E64-9FF5-C21A0CDF90CD}.Debug|Any CPU.ActiveCfg = Debug|Any CPU
		{A2D4BE4F-FCA0-4E64-9FF5-C21A0CDF90CD}.Debug|Any CPU.Build.0 = Debug|Any CPU
		{A2D4BE4F-FCA0-4E64-9FF5-C21A0CDF90CD}.Release|Any CPU.ActiveCfg = Release|Any CPU
		{A2D4BE4F-FCA0-4E64-9FF5-C21A0CDF90CD}.Release|Any CPU.Build.0 = Release|Any CPU
		{FCAFDA8A-B4A8-48DB-AF69-AAA5C82BBC7B}.Debug|Any CPU.ActiveCfg = Debug|Any CPU
		{FCAFDA8A-B4A8-48DB-AF69-AAA5C82BBC7B}.Debug|Any CPU.Build.0 = Debug|Any CPU
		{FCAFDA8A-B4A8-48DB-AF69-AAA5C82BBC7B}.Release|Any CPU.ActiveCfg = Release|Any CPU
		{FCAFDA8A-B4A8-48DB-AF69-AAA5C82BBC7B}.Release|Any CPU.Build.0 = Release|Any CPU
		{8A06DE1A-86EE-48DA-9E5D-564D4E1D7F93}.Debug|Any CPU.ActiveCfg = Debug|Any CPU
		{8A06DE1A-86EE-48DA-9E5D-564D4E1D7F93}.Debug|Any CPU.Build.0 = Debug|Any CPU
		{8A06DE1A-86EE-48DA-9E5D-564D4E1D7F93}.Release|Any CPU.ActiveCfg = Release|Any CPU
		{8A06DE1A-86EE-48DA-9E5D-564D4E1D7F93}.Release|Any CPU.Build.0 = Release|Any CPU
		{3AB9BD4B-7093-443B-842B-5DF6D255D915}.Debug|Any CPU.ActiveCfg = Debug|Any CPU
		{3AB9BD4B-7093-443B-842B-5DF6D255D915}.Debug|Any CPU.Build.0 = Debug|Any CPU
		{3AB9BD4B-7093-443B-842B-5DF6D255D915}.Release|Any CPU.ActiveCfg = Release|Any CPU
		{3AB9BD4B-7093-443B-842B-5DF6D255D915}.Release|Any CPU.Build.0 = Release|Any CPU
		{ADEFCF7A-A7B1-49F9-89D4-4C0B043697E4}.Debug|Any CPU.ActiveCfg = Debug|Any CPU
		{ADEFCF7A-A7B1-49F9-89D4-4C0B043697E4}.Debug|Any CPU.Build.0 = Debug|Any CPU
		{ADEFCF7A-A7B1-49F9-89D4-4C0B043697E4}.Release|Any CPU.ActiveCfg = Release|Any CPU
		{ADEFCF7A-A7B1-49F9-89D4-4C0B043697E4}.Release|Any CPU.Build.0 = Release|Any CPU
	EndGlobalSection
	GlobalSection(SolutionProperties) = preSolution
		HideSolutionNode = FALSE
	EndGlobalSection
	GlobalSection(ExtensibilityGlobals) = postSolution
		SolutionGuid = {544C9633-E61E-4AB4-8465-5BD4070AB789}
	EndGlobalSection
EndGlobal
