
Microsoft Visual Studio Solution File, Format Version 12.00
# Visual Studio Version 17
VisualStudioVersion = 17.13.35806.99 d17.13
MinimumVisualStudioVersion = 10.0.40219.1
Project("{FAE04EC0-301F-11D3-BF4B-00C04F79EFBC}") = "Moon", "Moon\Moon.csproj", "{0B6C7E74-FB32-4F48-94A9-5D30D3B6563C}"
EndProject
Project("{FAE04EC0-301F-11D3-BF4B-00C04F79EFBC}") = "DeerOfSanta", "DeerOfSanta\DeerOfSanta.csproj", "{D07E2DF7-2F05-443A-B253-A4CEF449760E}"
EndProject
Project("{FAE04EC0-301F-11D3-BF4B-00C04F79EFBC}") = "BasketballMatch", "BasketballMatch\BasketballMatch.csproj", "{64805F13-5276-4B9F-B65E-0B0775A58083}"
EndProject
Project("{FAE04EC0-301F-11D3-BF4B-00C04F79EFBC}") = "Division", "Division\Division.csproj", "{FE7988C4-8AE1-45C6-9982-F71282FCDF57}"
EndProject
Project("{FAE04EC0-301F-11D3-BF4B-00C04F79EFBC}") = "WinnerTickets", "WinnerTickets\WinnerTickets.csproj", "{C67D6D7B-F977-424E-B575-E962275AA390}"
EndProject
Global
	GlobalSection(SolutionConfigurationPlatforms) = preSolution
		Debug|Any CPU = Debug|Any CPU
		Release|Any CPU = Release|Any CPU
	EndGlobalSection
	GlobalSection(ProjectConfigurationPlatforms) = postSolution
		{0B6C7E74-FB32-4F48-94A9-5D30D3B6563C}.Debug|Any CPU.ActiveCfg = Debug|Any CPU
		{0B6C7E74-FB32-4F48-94A9-5D30D3B6563C}.Debug|Any CPU.Build.0 = Debug|Any CPU
		{0B6C7E74-FB32-4F48-94A9-5D30D3B6563C}.Release|Any CPU.ActiveCfg = Release|Any CPU
		{0B6C7E74-FB32-4F48-94A9-5D30D3B6563C}.Release|Any CPU.Build.0 = Release|Any CPU
		{D07E2DF7-2F05-443A-B253-A4CEF449760E}.Debug|Any CPU.ActiveCfg = Debug|Any CPU
		{D07E2DF7-2F05-443A-B253-A4CEF449760E}.Debug|Any CPU.Build.0 = Debug|Any CPU
		{D07E2DF7-2F05-443A-B253-A4CEF449760E}.Release|Any CPU.ActiveCfg = Release|Any CPU
		{D07E2DF7-2F05-443A-B253-A4CEF449760E}.Release|Any CPU.Build.0 = Release|Any CPU
		{64805F13-5276-4B9F-B65E-0B0775A58083}.Debug|Any CPU.ActiveCfg = Debug|Any CPU
		{64805F13-5276-4B9F-B65E-0B0775A58083}.Debug|Any CPU.Build.0 = Debug|Any CPU
		{64805F13-5276-4B9F-B65E-0B0775A58083}.Release|Any CPU.ActiveCfg = Release|Any CPU
		{64805F13-5276-4B9F-B65E-0B0775A58083}.Release|Any CPU.Build.0 = Release|Any CPU
		{FE7988C4-8AE1-45C6-9982-F71282FCDF57}.Debug|Any CPU.ActiveCfg = Debug|Any CPU
		{FE7988C4-8AE1-45C6-9982-F71282FCDF57}.Debug|Any CPU.Build.0 = Debug|Any CPU
		{FE7988C4-8AE1-45C6-9982-F71282FCDF57}.Release|Any CPU.ActiveCfg = Release|Any CPU
		{FE7988C4-8AE1-45C6-9982-F71282FCDF57}.Release|Any CPU.Build.0 = Release|Any CPU
		{C67D6D7B-F977-424E-B575-E962275AA390}.Debug|Any CPU.ActiveCfg = Debug|Any CPU
		{C67D6D7B-F977-424E-B575-E962275AA390}.Debug|Any CPU.Build.0 = Debug|Any CPU
		{C67D6D7B-F977-424E-B575-E962275AA390}.Release|Any CPU.ActiveCfg = Release|Any CPU
		{C67D6D7B-F977-424E-B575-E962275AA390}.Release|Any CPU.Build.0 = Release|Any CPU
	EndGlobalSection
	GlobalSection(SolutionProperties) = preSolution
		HideSolutionNode = FALSE
	EndGlobalSection
	GlobalSection(ExtensibilityGlobals) = postSolution
		SolutionGuid = {4A307197-F9D1-4735-B3F9-A0033EB4775B}
	EndGlobalSection
EndGlobal
