
Microsoft Visual Studio Solution File, Format Version 12.00
# Visual Studio Version 17
VisualStudioVersion = 17.13.35806.99 d17.13
MinimumVisualStudioVersion = 10.0.40219.1
Project("{FAE04EC0-301F-11D3-BF4B-00C04F79EFBC}") = "Winning numbers", "Winning numbers\Winning numbers.csproj", "{57E21DDB-77BB-4423-8B44-9C0BD1E48E04}"
EndProject
Project("{FAE04EC0-301F-11D3-BF4B-00C04F79EFBC}") = "Moon distance", "Moon distance\Moon distance.csproj", "{3A6A52E2-7203-4B4C-990D-1CFD8C9B92CB}"
EndProject
Project("{FAE04EC0-301F-11D3-BF4B-00C04F79EFBC}") = "Christmas holiday", "Christmas holiday\Christmas holiday.csproj", "{A2D03880-2BC6-4212-86B1-B71C8D40BD95}"
EndProject
Project("{FAE04EC0-301F-11D3-BF4B-00C04F79EFBC}") = "Bakary", "Bakary\Bakary.csproj", "{469D16F8-2F24-4189-AB4B-0C578EEB5399}"
EndProject
Project("{FAE04EC0-301F-11D3-BF4B-00C04F79EFBC}") = "Santa's deef", "Santa's deef\Santa's deef.csproj", "{67615D76-0940-4335-8259-23825BCA116E}"
EndProject
Project("{FAE04EC0-301F-11D3-BF4B-00C04F79EFBC}") = "Party organisation", "Party organisation\Party organisation.csproj", "{760F2D74-258B-4770-83A4-2889A3004215}"
EndProject
Project("{FAE04EC0-301F-11D3-BF4B-00C04F79EFBC}") = "Basketball match", "Basketball match\Basketball match.csproj", "{FF5BCAF7-46DC-4D05-8AE0-898478A62E2B}"
EndProject
Project("{FAE04EC0-301F-11D3-BF4B-00C04F79EFBC}") = "Devision by 2", "Devision by 2\Devision by 2.csproj", "{5E91C550-85DA-4957-A4C3-AA00FC8FED2D}"
EndProject
Project("{FAE04EC0-301F-11D3-BF4B-00C04F79EFBC}") = "Winning numbers - part 2", "Winning numbers - part 2\Winning numbers - part 2.csproj", "{C8B9C45D-927F-4FB9-9336-1CF5B6347664}"
EndProject
Project("{FAE04EC0-301F-11D3-BF4B-00C04F79EFBC}") = "Christmas presents", "Christmas presents\Christmas presents.csproj", "{99BF0097-086E-434C-8FD0-E6261D7D548B}"
EndProject
Global
	GlobalSection(SolutionConfigurationPlatforms) = preSolution
		Debug|Any CPU = Debug|Any CPU
		Release|Any CPU = Release|Any CPU
	EndGlobalSection
	GlobalSection(ProjectConfigurationPlatforms) = postSolution
		{57E21DDB-77BB-4423-8B44-9C0BD1E48E04}.Debug|Any CPU.ActiveCfg = Debug|Any CPU
		{57E21DDB-77BB-4423-8B44-9C0BD1E48E04}.Debug|Any CPU.Build.0 = Debug|Any CPU
		{57E21DDB-77BB-4423-8B44-9C0BD1E48E04}.Release|Any CPU.ActiveCfg = Release|Any CPU
		{57E21DDB-77BB-4423-8B44-9C0BD1E48E04}.Release|Any CPU.Build.0 = Release|Any CPU
		{3A6A52E2-7203-4B4C-990D-1CFD8C9B92CB}.Debug|Any CPU.ActiveCfg = Debug|Any CPU
		{3A6A52E2-7203-4B4C-990D-1CFD8C9B92CB}.Debug|Any CPU.Build.0 = Debug|Any CPU
		{3A6A52E2-7203-4B4C-990D-1CFD8C9B92CB}.Release|Any CPU.ActiveCfg = Release|Any CPU
		{3A6A52E2-7203-4B4C-990D-1CFD8C9B92CB}.Release|Any CPU.Build.0 = Release|Any CPU
		{A2D03880-2BC6-4212-86B1-B71C8D40BD95}.Debug|Any CPU.ActiveCfg = Debug|Any CPU
		{A2D03880-2BC6-4212-86B1-B71C8D40BD95}.Debug|Any CPU.Build.0 = Debug|Any CPU
		{A2D03880-2BC6-4212-86B1-B71C8D40BD95}.Release|Any CPU.ActiveCfg = Release|Any CPU
		{A2D03880-2BC6-4212-86B1-B71C8D40BD95}.Release|Any CPU.Build.0 = Release|Any CPU
		{469D16F8-2F24-4189-AB4B-0C578EEB5399}.Debug|Any CPU.ActiveCfg = Debug|Any CPU
		{469D16F8-2F24-4189-AB4B-0C578EEB5399}.Debug|Any CPU.Build.0 = Debug|Any CPU
		{469D16F8-2F24-4189-AB4B-0C578EEB5399}.Release|Any CPU.ActiveCfg = Release|Any CPU
		{469D16F8-2F24-4189-AB4B-0C578EEB5399}.Release|Any CPU.Build.0 = Release|Any CPU
		{67615D76-0940-4335-8259-23825BCA116E}.Debug|Any CPU.ActiveCfg = Debug|Any CPU
		{67615D76-0940-4335-8259-23825BCA116E}.Debug|Any CPU.Build.0 = Debug|Any CPU
		{67615D76-0940-4335-8259-23825BCA116E}.Release|Any CPU.ActiveCfg = Release|Any CPU
		{67615D76-0940-4335-8259-23825BCA116E}.Release|Any CPU.Build.0 = Release|Any CPU
		{760F2D74-258B-4770-83A4-2889A3004215}.Debug|Any CPU.ActiveCfg = Debug|Any CPU
		{760F2D74-258B-4770-83A4-2889A3004215}.Debug|Any CPU.Build.0 = Debug|Any CPU
		{760F2D74-258B-4770-83A4-2889A3004215}.Release|Any CPU.ActiveCfg = Release|Any CPU
		{760F2D74-258B-4770-83A4-2889A3004215}.Release|Any CPU.Build.0 = Release|Any CPU
		{FF5BCAF7-46DC-4D05-8AE0-898478A62E2B}.Debug|Any CPU.ActiveCfg = Debug|Any CPU
		{FF5BCAF7-46DC-4D05-8AE0-898478A62E2B}.Debug|Any CPU.Build.0 = Debug|Any CPU
		{FF5BCAF7-46DC-4D05-8AE0-898478A62E2B}.Release|Any CPU.ActiveCfg = Release|Any CPU
		{FF5BCAF7-46DC-4D05-8AE0-898478A62E2B}.Release|Any CPU.Build.0 = Release|Any CPU
		{5E91C550-85DA-4957-A4C3-AA00FC8FED2D}.Debug|Any CPU.ActiveCfg = Debug|Any CPU
		{5E91C550-85DA-4957-A4C3-AA00FC8FED2D}.Debug|Any CPU.Build.0 = Debug|Any CPU
		{5E91C550-85DA-4957-A4C3-AA00FC8FED2D}.Release|Any CPU.ActiveCfg = Release|Any CPU
		{5E91C550-85DA-4957-A4C3-AA00FC8FED2D}.Release|Any CPU.Build.0 = Release|Any CPU
		{C8B9C45D-927F-4FB9-9336-1CF5B6347664}.Debug|Any CPU.ActiveCfg = Debug|Any CPU
		{C8B9C45D-927F-4FB9-9336-1CF5B6347664}.Debug|Any CPU.Build.0 = Debug|Any CPU
		{C8B9C45D-927F-4FB9-9336-1CF5B6347664}.Release|Any CPU.ActiveCfg = Release|Any CPU
		{C8B9C45D-927F-4FB9-9336-1CF5B6347664}.Release|Any CPU.Build.0 = Release|Any CPU
		{99BF0097-086E-434C-8FD0-E6261D7D548B}.Debug|Any CPU.ActiveCfg = Debug|Any CPU
		{99BF0097-086E-434C-8FD0-E6261D7D548B}.Debug|Any CPU.Build.0 = Debug|Any CPU
		{99BF0097-086E-434C-8FD0-E6261D7D548B}.Release|Any CPU.ActiveCfg = Release|Any CPU
		{99BF0097-086E-434C-8FD0-E6261D7D548B}.Release|Any CPU.Build.0 = Release|Any CPU
	EndGlobalSection
	GlobalSection(SolutionProperties) = preSolution
		HideSolutionNode = FALSE
	EndGlobalSection
	GlobalSection(ExtensibilityGlobals) = postSolution
		SolutionGuid = {3F53EB7D-6F9C-4941-B841-672EB84325F3}
	EndGlobalSection
EndGlobal
