
Microsoft Visual Studio Solution File, Format Version 12.00
# Visual Studio Version 17
VisualStudioVersion = 17.13.35806.99 d17.13
MinimumVisualStudioVersion = 10.0.40219.1
Project("{FAE04EC0-301F-11D3-BF4B-00C04F79EFBC}") = "P07-Square_Area", "P07-Square_Area\P07-Square_Area.csproj", "{222C0B1B-BD48-4756-9D9D-9ECCC7477D26}"
EndProject
Project("{FAE04EC0-301F-11D3-BF4B-00C04F79EFBC}") = "P02-Inches_To_Centimeters", "P02-Inches_To_Centimeters\P02-Inches_To_Centimeters.csproj", "{2E38701C-E099-4E3E-BA9A-EA2503BC5280}"
EndProject
Global
	GlobalSection(SolutionConfigurationPlatforms) = preSolution
		Debug|Any CPU = Debug|Any CPU
		Release|Any CPU = Release|Any CPU
	EndGlobalSection
	GlobalSection(ProjectConfigurationPlatforms) = postSolution
		{222C0B1B-BD48-4756-9D9D-9ECCC7477D26}.Debug|Any CPU.ActiveCfg = Debug|Any CPU
		{222C0B1B-BD48-4756-9D9D-9ECCC7477D26}.Debug|Any CPU.Build.0 = Debug|Any CPU
		{222C0B1B-BD48-4756-9D9D-9ECCC7477D26}.Release|Any CPU.ActiveCfg = Release|Any CPU
		{222C0B1B-BD48-4756-9D9D-9ECCC7477D26}.Release|Any CPU.Build.0 = Release|Any CPU
		{2E38701C-E099-4E3E-BA9A-EA2503BC5280}.Debug|Any CPU.ActiveCfg = Debug|Any CPU
		{2E38701C-E099-4E3E-BA9A-EA2503BC5280}.Debug|Any CPU.Build.0 = Debug|Any CPU
		{2E38701C-E099-4E3E-BA9A-EA2503BC5280}.Release|Any CPU.ActiveCfg = Release|Any CPU
		{2E38701C-E099-4E3E-BA9A-EA2503BC5280}.Release|Any CPU.Build.0 = Release|Any CPU
	EndGlobalSection
	GlobalSection(SolutionProperties) = preSolution
		HideSolutionNode = FALSE
	EndGlobalSection
	GlobalSection(ExtensibilityGlobals) = postSolution
		SolutionGuid = {A086CF90-BBB3-43DD-92C8-453944FD6D79}
	EndGlobalSection
EndGlobal
