
Microsoft Visual Studio Solution File, Format Version 12.00
# Visual Studio Version 17
VisualStudioVersion = 17.13.35806.99 d17.13
MinimumVisualStudioVersion = 10.0.40219.1
Project("{FAE04EC0-301F-11D3-BF4B-00C04F79EFBC}") = "P01-VoidMethods", "P01-VoidMethods\P01-VoidMethods.csproj", "{544AB6FA-CE36-4280-B58D-C897223F341A}"
EndProject
Project("{FAE04EC0-301F-11D3-BF4B-00C04F79EFBC}") = "P02-ReturnTypeMethod", "P02-ReturnTypeMethod\P02-ReturnTypeMethod.csproj", "{FF2DAF76-0640-4DE3-81F8-643132977B04}"
EndProject
Project("{FAE04EC0-301F-11D3-BF4B-00C04F79EFBC}") = "P03-SmallestOfThreeNumbers", "P03-SmallestOfThreeNumbers\P03-SmallestOfThreeNumbers.csproj", "{B579EC01-B16F-4D13-B38B-5FB21CE17306}"
EndProject
Project("{FAE04EC0-301F-11D3-BF4B-00C04F79EFBC}") = "P04- PasswordValidator", "P04- PasswordValidator\P04- PasswordValidator.csproj", "{11904BBC-271D-404C-9024-709158C7A8CC}"
EndProject
Project("{FAE04EC0-301F-11D3-BF4B-00C04F79EFBC}") = "P05-Palindroms", "P05-Palindroms\P05-Palindroms.csproj", "{1C7EB428-76E8-4E65-A028-665DD527AAF6}"
EndProject
Global
	GlobalSection(SolutionConfigurationPlatforms) = preSolution
		Debug|Any CPU = Debug|Any CPU
		Release|Any CPU = Release|Any CPU
	EndGlobalSection
	GlobalSection(ProjectConfigurationPlatforms) = postSolution
		{544AB6FA-CE36-4280-B58D-C897223F341A}.Debug|Any CPU.ActiveCfg = Debug|Any CPU
		{544AB6FA-CE36-4280-B58D-C897223F341A}.Debug|Any CPU.Build.0 = Debug|Any CPU
		{544AB6FA-CE36-4280-B58D-C897223F341A}.Release|Any CPU.ActiveCfg = Release|Any CPU
		{544AB6FA-CE36-4280-B58D-C897223F341A}.Release|Any CPU.Build.0 = Release|Any CPU
		{FF2DAF76-0640-4DE3-81F8-643132977B04}.Debug|Any CPU.ActiveCfg = Debug|Any CPU
		{FF2DAF76-0640-4DE3-81F8-643132977B04}.Debug|Any CPU.Build.0 = Debug|Any CPU
		{FF2DAF76-0640-4DE3-81F8-643132977B04}.Release|Any CPU.ActiveCfg = Release|Any CPU
		{FF2DAF76-0640-4DE3-81F8-643132977B04}.Release|Any CPU.Build.0 = Release|Any CPU
		{B579EC01-B16F-4D13-B38B-5FB21CE17306}.Debug|Any CPU.ActiveCfg = Debug|Any CPU
		{B579EC01-B16F-4D13-B38B-5FB21CE17306}.Debug|Any CPU.Build.0 = Debug|Any CPU
		{B579EC01-B16F-4D13-B38B-5FB21CE17306}.Release|Any CPU.ActiveCfg = Release|Any CPU
		{B579EC01-B16F-4D13-B38B-5FB21CE17306}.Release|Any CPU.Build.0 = Release|Any CPU
		{11904BBC-271D-404C-9024-709158C7A8CC}.Debug|Any CPU.ActiveCfg = Debug|Any CPU
		{11904BBC-271D-404C-9024-709158C7A8CC}.Debug|Any CPU.Build.0 = Debug|Any CPU
		{11904BBC-271D-404C-9024-709158C7A8CC}.Release|Any CPU.ActiveCfg = Release|Any CPU
		{11904BBC-271D-404C-9024-709158C7A8CC}.Release|Any CPU.Build.0 = Release|Any CPU
		{1C7EB428-76E8-4E65-A028-665DD527AAF6}.Debug|Any CPU.ActiveCfg = Debug|Any CPU
		{1C7EB428-76E8-4E65-A028-665DD527AAF6}.Debug|Any CPU.Build.0 = Debug|Any CPU
		{1C7EB428-76E8-4E65-A028-665DD527AAF6}.Release|Any CPU.ActiveCfg = Release|Any CPU
		{1C7EB428-76E8-4E65-A028-665DD527AAF6}.Release|Any CPU.Build.0 = Release|Any CPU
	EndGlobalSection
	GlobalSection(SolutionProperties) = preSolution
		HideSolutionNode = FALSE
	EndGlobalSection
	GlobalSection(ExtensibilityGlobals) = postSolution
		SolutionGuid = {2321C7C9-4C4B-44BC-A624-1FFFA61C3BA7}
	EndGlobalSection
EndGlobal
